
Microsoft Visual Studio Solution File, Format Version 12.00
# Visual Studio Version 17
VisualStudioVersion = 17.5.33103.201
MinimumVisualStudioVersion = 10.0.40219.1
Project("{FAE04EC0-301F-11D3-BF4B-00C04F79EFBC}") = "Web.API", "Web.API\Web.API.csproj", "{C5958143-4964-4028-82B7-4B4CCE4DC68C}"
EndProject
Project("{2150E333-8FDC-42A3-9474-1A3956D46DE8}") = "src", "src", "{D86D8166-DF7C-44A0-AED8-B57821474E27}"
EndProject
Project("{FAE04EC0-301F-11D3-BF4B-00C04F79EFBC}") = "Domain", "Domain\Domain.csproj", "{4D75D673-B0CF-4F63-82CC-765EF9038F7E}"
EndProject
Project("{FAE04EC0-301F-11D3-BF4B-00C04F79EFBC}") = "Services.Users", "Services.Users\Services.Users.csproj", "{FF653E5C-53BC-42D6-BC39-69E55D74325B}"
EndProject
Project("{FAE04EC0-301F-11D3-BF4B-00C04F79EFBC}") = "Services", "Services\Services.csproj", "{EC7CF61D-CDD6-4489-9BFB-6C41B3753528}"
EndProject
Global
	GlobalSection(SolutionConfigurationPlatforms) = preSolution
		Debug|Any CPU = Debug|Any CPU
		Release|Any CPU = Release|Any CPU
	EndGlobalSection
	GlobalSection(ProjectConfigurationPlatforms) = postSolution
		{C5958143-4964-4028-82B7-4B4CCE4DC68C}.Debug|Any CPU.ActiveCfg = Debug|Any CPU
		{C5958143-4964-4028-82B7-4B4CCE4DC68C}.Debug|Any CPU.Build.0 = Debug|Any CPU
		{C5958143-4964-4028-82B7-4B4CCE4DC68C}.Release|Any CPU.ActiveCfg = Release|Any CPU
		{C5958143-4964-4028-82B7-4B4CCE4DC68C}.Release|Any CPU.Build.0 = Release|Any CPU
		{4D75D673-B0CF-4F63-82CC-765EF9038F7E}.Debug|Any CPU.ActiveCfg = Debug|Any CPU
		{4D75D673-B0CF-4F63-82CC-765EF9038F7E}.Debug|Any CPU.Build.0 = Debug|Any CPU
		{4D75D673-B0CF-4F63-82CC-765EF9038F7E}.Release|Any CPU.ActiveCfg = Release|Any CPU
		{4D75D673-B0CF-4F63-82CC-765EF9038F7E}.Release|Any CPU.Build.0 = Release|Any CPU
		{FF653E5C-53BC-42D6-BC39-69E55D74325B}.Debug|Any CPU.ActiveCfg = Debug|Any CPU
		{FF653E5C-53BC-42D6-BC39-69E55D74325B}.Debug|Any CPU.Build.0 = Debug|Any CPU
		{FF653E5C-53BC-42D6-BC39-69E55D74325B}.Release|Any CPU.ActiveCfg = Release|Any CPU
		{FF653E5C-53BC-42D6-BC39-69E55D74325B}.Release|Any CPU.Build.0 = Release|Any CPU
		{EC7CF61D-CDD6-4489-9BFB-6C41B3753528}.Debug|Any CPU.ActiveCfg = Debug|Any CPU
		{EC7CF61D-CDD6-4489-9BFB-6C41B3753528}.Debug|Any CPU.Build.0 = Debug|Any CPU
		{EC7CF61D-CDD6-4489-9BFB-6C41B3753528}.Release|Any CPU.ActiveCfg = Release|Any CPU
		{EC7CF61D-CDD6-4489-9BFB-6C41B3753528}.Release|Any CPU.Build.0 = Release|Any CPU
	EndGlobalSection
	GlobalSection(SolutionProperties) = preSolution
		HideSolutionNode = FALSE
	EndGlobalSection
	GlobalSection(NestedProjects) = preSolution
		{C5958143-4964-4028-82B7-4B4CCE4DC68C} = {D86D8166-DF7C-44A0-AED8-B57821474E27}
		{4D75D673-B0CF-4F63-82CC-765EF9038F7E} = {D86D8166-DF7C-44A0-AED8-B57821474E27}
		{FF653E5C-53BC-42D6-BC39-69E55D74325B} = {D86D8166-DF7C-44A0-AED8-B57821474E27}
		{EC7CF61D-CDD6-4489-9BFB-6C41B3753528} = {D86D8166-DF7C-44A0-AED8-B57821474E27}
	EndGlobalSection
	GlobalSection(ExtensibilityGlobals) = postSolution
		SolutionGuid = {7552DF2D-E280-4017-81FD-B9A44E127530}
	EndGlobalSection
EndGlobal
